
Microsoft Visual Studio Solution File, Format Version 12.00
# Visual Studio 15
VisualStudioVersion = 15.0.26124.0
MinimumVisualStudioVersion = 15.0.26124.0
Project("{2150E333-8FDC-42A3-9474-1A3956D46DE8}") = "src", "src", "{9B889543-BD38-4D3C-89A8-489BBC7F899C}"
EndProject
Project("{FAE04EC0-301F-11D3-BF4B-00C04F79EFBC}") = "GradeBook", "src\GradeBook\GradeBook.csproj", "{E8950EB0-CE74-4E02-922A-F944C8873B8A}"
EndProject
Project("{2150E333-8FDC-42A3-9474-1A3956D46DE8}") = "test", "test", "{294E0812-CE99-4F76-A7A9-CC89086B3DD9}"
EndProject
Project("{FAE04EC0-301F-11D3-BF4B-00C04F79EFBC}") = "GradeBook.Tests", "test\GradeBook.Tests\GradeBook.Tests.csproj", "{3B5CB79B-8C80-49D4-BCEA-941AC9611492}"
EndProject
Global
	GlobalSection(SolutionConfigurationPlatforms) = preSolution
		Debug|Any CPU = Debug|Any CPU
		Debug|x64 = Debug|x64
		Debug|x86 = Debug|x86
		Release|Any CPU = Release|Any CPU
		Release|x64 = Release|x64
		Release|x86 = Release|x86
	EndGlobalSection
	GlobalSection(SolutionProperties) = preSolution
		HideSolutionNode = FALSE
	EndGlobalSection
	GlobalSection(ProjectConfigurationPlatforms) = postSolution
		{E8950EB0-CE74-4E02-922A-F944C8873B8A}.Debug|Any CPU.ActiveCfg = Debug|Any CPU
		{E8950EB0-CE74-4E02-922A-F944C8873B8A}.Debug|Any CPU.Build.0 = Debug|Any CPU
		{E8950EB0-CE74-4E02-922A-F944C8873B8A}.Debug|x64.ActiveCfg = Debug|Any CPU
		{E8950EB0-CE74-4E02-922A-F944C8873B8A}.Debug|x64.Build.0 = Debug|Any CPU
		{E8950EB0-CE74-4E02-922A-F944C8873B8A}.Debug|x86.ActiveCfg = Debug|Any CPU
		{E8950EB0-CE74-4E02-922A-F944C8873B8A}.Debug|x86.Build.0 = Debug|Any CPU
		{E8950EB0-CE74-4E02-922A-F944C8873B8A}.Release|Any CPU.ActiveCfg = Release|Any CPU
		{E8950EB0-CE74-4E02-922A-F944C8873B8A}.Release|Any CPU.Build.0 = Release|Any CPU
		{E8950EB0-CE74-4E02-922A-F944C8873B8A}.Release|x64.ActiveCfg = Release|Any CPU
		{E8950EB0-CE74-4E02-922A-F944C8873B8A}.Release|x64.Build.0 = Release|Any CPU
		{E8950EB0-CE74-4E02-922A-F944C8873B8A}.Release|x86.ActiveCfg = Release|Any CPU
		{E8950EB0-CE74-4E02-922A-F944C8873B8A}.Release|x86.Build.0 = Release|Any CPU
		{3B5CB79B-8C80-49D4-BCEA-941AC9611492}.Debug|Any CPU.ActiveCfg = Debug|Any CPU
		{3B5CB79B-8C80-49D4-BCEA-941AC9611492}.Debug|Any CPU.Build.0 = Debug|Any CPU
		{3B5CB79B-8C80-49D4-BCEA-941AC9611492}.Debug|x64.ActiveCfg = Debug|Any CPU
		{3B5CB79B-8C80-49D4-BCEA-941AC9611492}.Debug|x64.Build.0 = Debug|Any CPU
		{3B5CB79B-8C80-49D4-BCEA-941AC9611492}.Debug|x86.ActiveCfg = Debug|Any CPU
		{3B5CB79B-8C80-49D4-BCEA-941AC9611492}.Debug|x86.Build.0 = Debug|Any CPU
		{3B5CB79B-8C80-49D4-BCEA-941AC9611492}.Release|Any CPU.ActiveCfg = Release|Any CPU
		{3B5CB79B-8C80-49D4-BCEA-941AC9611492}.Release|Any CPU.Build.0 = Release|Any CPU
		{3B5CB79B-8C80-49D4-BCEA-941AC9611492}.Release|x64.ActiveCfg = Release|Any CPU
		{3B5CB79B-8C80-49D4-BCEA-941AC9611492}.Release|x64.Build.0 = Release|Any CPU
		{3B5CB79B-8C80-49D4-BCEA-941AC9611492}.Release|x86.ActiveCfg = Release|Any CPU
		{3B5CB79B-8C80-49D4-BCEA-941AC9611492}.Release|x86.Build.0 = Release|Any CPU
	EndGlobalSection
	GlobalSection(NestedProjects) = preSolution
		{E8950EB0-CE74-4E02-922A-F944C8873B8A} = {9B889543-BD38-4D3C-89A8-489BBC7F899C}
		{3B5CB79B-8C80-49D4-BCEA-941AC9611492} = {294E0812-CE99-4F76-A7A9-CC89086B3DD9}
	EndGlobalSection
EndGlobal
